
Microsoft Visual Studio Solution File, Format Version 12.00
# Visual Studio Version 16
VisualStudioVersion = 16.0.33130.400
MinimumVisualStudioVersion = 10.0.40219.1
Project("{FAE04EC0-301F-11D3-BF4B-00C04F79EFBC}") = "practicum16", "practicum16.csproj", "{6069B51B-0BFB-46B8-AC84-83F98BD1BEB0}"
EndProject
Global
	GlobalSection(SolutionConfigurationPlatforms) = preSolution
		Debug|Any CPU = Debug|Any CPU
		Release|Any CPU = Release|Any CPU
	EndGlobalSection
	GlobalSection(ProjectConfigurationPlatforms) = postSolution
		{6069B51B-0BFB-46B8-AC84-83F98BD1BEB0}.Debug|Any CPU.ActiveCfg = Debug|Any CPU
		{6069B51B-0BFB-46B8-AC84-83F98BD1BEB0}.Debug|Any CPU.Build.0 = Debug|Any CPU
		{6069B51B-0BFB-46B8-AC84-83F98BD1BEB0}.Release|Any CPU.ActiveCfg = Release|Any CPU
		{6069B51B-0BFB-46B8-AC84-83F98BD1BEB0}.Release|Any CPU.Build.0 = Release|Any CPU
	EndGlobalSection
	GlobalSection(SolutionProperties) = preSolution
		HideSolutionNode = FALSE
	EndGlobalSection
	GlobalSection(ExtensibilityGlobals) = postSolution
		SolutionGuid = {E19207D2-AFBC-4D7D-A8E9-1271C1340913}
	EndGlobalSection
EndGlobal
